
Microsoft Visual Studio Solution File, Format Version 12.00
# Visual Studio 2013
VisualStudioVersion = 12.0.21005.1
MinimumVisualStudioVersion = 10.0.40219.1
Project("{FAE04EC0-301F-11D3-BF4B-00C04F79EFBC}") = "Sensible.PredictionIO.NET", "Sensible.PredictionIO.NET.csproj", "{8C214382-96FE-4E59-B8B0-89D82586E0E0}"
EndProject
Project("{FAE04EC0-301F-11D3-BF4B-00C04F79EFBC}") = "Sensible.PredictionIO.NET.Tests", "..\Sensible.PredictionIO.NET.Tests\Sensible.PredictionIO.NET.Tests.csproj", "{9ED7BE5B-9A17-403E-B728-CDA0ADCAEAD4}"
EndProject
Project("{FAE04EC0-301F-11D3-BF4B-00C04F79EFBC}") = "Sensible.PredictionIO.NET.SampleApp", "..\Sensible.PredictionIO.NET.SampleApp\Sensible.PredictionIO.NET.SampleApp.csproj", "{E5BB8260-ECCA-407A-BA36-2C8A2E0058C5}"
EndProject
Global
	GlobalSection(SolutionConfigurationPlatforms) = preSolution
		Debug|Any CPU = Debug|Any CPU
		Release|Any CPU = Release|Any CPU
	EndGlobalSection
	GlobalSection(ProjectConfigurationPlatforms) = postSolution
		{8C214382-96FE-4E59-B8B0-89D82586E0E0}.Debug|Any CPU.ActiveCfg = Debug|Any CPU
		{8C214382-96FE-4E59-B8B0-89D82586E0E0}.Debug|Any CPU.Build.0 = Debug|Any CPU
		{8C214382-96FE-4E59-B8B0-89D82586E0E0}.Release|Any CPU.ActiveCfg = Release|Any CPU
		{8C214382-96FE-4E59-B8B0-89D82586E0E0}.Release|Any CPU.Build.0 = Release|Any CPU
		{9ED7BE5B-9A17-403E-B728-CDA0ADCAEAD4}.Debug|Any CPU.ActiveCfg = Debug|Any CPU
		{9ED7BE5B-9A17-403E-B728-CDA0ADCAEAD4}.Debug|Any CPU.Build.0 = Debug|Any CPU
		{9ED7BE5B-9A17-403E-B728-CDA0ADCAEAD4}.Release|Any CPU.ActiveCfg = Release|Any CPU
		{9ED7BE5B-9A17-403E-B728-CDA0ADCAEAD4}.Release|Any CPU.Build.0 = Release|Any CPU
		{E5BB8260-ECCA-407A-BA36-2C8A2E0058C5}.Debug|Any CPU.ActiveCfg = Debug|Any CPU
		{E5BB8260-ECCA-407A-BA36-2C8A2E0058C5}.Debug|Any CPU.Build.0 = Debug|Any CPU
		{E5BB8260-ECCA-407A-BA36-2C8A2E0058C5}.Release|Any CPU.ActiveCfg = Release|Any CPU
		{E5BB8260-ECCA-407A-BA36-2C8A2E0058C5}.Release|Any CPU.Build.0 = Release|Any CPU
	EndGlobalSection
	GlobalSection(SolutionProperties) = preSolution
		HideSolutionNode = FALSE
	EndGlobalSection
EndGlobal
